
Microsoft Visual Studio Solution File, Format Version 12.00
# Visual Studio Version 16
VisualStudioVersion = 16.0.29326.143
MinimumVisualStudioVersion = 10.0.40219.1
Project("{FAE04EC0-301F-11D3-BF4B-00C04F79EFBC}") = "Sen's Fortress", "Sen's Fortress\Sen's Fortress.csproj", "{E4D1A6B5-C724-4F98-A62B-ECB32544E3F6}"
EndProject
Global
	GlobalSection(SolutionConfigurationPlatforms) = preSolution
		Debug|Any CPU = Debug|Any CPU
		Release|Any CPU = Release|Any CPU
	EndGlobalSection
	GlobalSection(ProjectConfigurationPlatforms) = postSolution
		{E4D1A6B5-C724-4F98-A62B-ECB32544E3F6}.Debug|Any CPU.ActiveCfg = Debug|Any CPU
		{E4D1A6B5-C724-4F98-A62B-ECB32544E3F6}.Debug|Any CPU.Build.0 = Debug|Any CPU
		{E4D1A6B5-C724-4F98-A62B-ECB32544E3F6}.Release|Any CPU.ActiveCfg = Release|Any CPU
		{E4D1A6B5-C724-4F98-A62B-ECB32544E3F6}.Release|Any CPU.Build.0 = Release|Any CPU
	EndGlobalSection
	GlobalSection(SolutionProperties) = preSolution
		HideSolutionNode = FALSE
	EndGlobalSection
	GlobalSection(ExtensibilityGlobals) = postSolution
		SolutionGuid = {E1B37144-6B2F-4353-AB7B-AE871C3455A3}
	EndGlobalSection
EndGlobal
