
Microsoft Visual Studio Solution File, Format Version 12.00
# Visual Studio Version 16
VisualStudioVersion = 16.0.29326.143
MinimumVisualStudioVersion = 10.0.40219.1
Project("{9A19103F-16F7-4668-BE54-9A1E7A4F7556}") = "SensFortress.View", "SensFortress.View\SensFortress.View.csproj", "{77539ADE-0B79-4C9C-A0F0-1283A63BD74F}"
EndProject
Project("{9A19103F-16F7-4668-BE54-9A1E7A4F7556}") = "SensFortress.Data", "SensFortress.Data\SensFortress.Data.csproj", "{AF25AF18-1746-4DB0-8E01-404BAC2DF23E}"
EndProject
Project("{9A19103F-16F7-4668-BE54-9A1E7A4F7556}") = "SensFortress.Models", "SensFortress.Models\SensFortress.Models.csproj", "{17506C46-31E2-4CD7-AC36-F227A0DCD9B3}"
EndProject
Project("{FAE04EC0-301F-11D3-BF4B-00C04F79EFBC}") = "SensFortress.Utility", "SensFortress.Utility\SensFortress.Utility.csproj", "{E74705AD-4160-43FF-8F55-725A646CC1FF}"
EndProject
Global
	GlobalSection(SolutionConfigurationPlatforms) = preSolution
		Debug|Any CPU = Debug|Any CPU
		Release|Any CPU = Release|Any CPU
	EndGlobalSection
	GlobalSection(ProjectConfigurationPlatforms) = postSolution
		{77539ADE-0B79-4C9C-A0F0-1283A63BD74F}.Debug|Any CPU.ActiveCfg = Debug|Any CPU
		{77539ADE-0B79-4C9C-A0F0-1283A63BD74F}.Debug|Any CPU.Build.0 = Debug|Any CPU
		{77539ADE-0B79-4C9C-A0F0-1283A63BD74F}.Release|Any CPU.ActiveCfg = Release|Any CPU
		{77539ADE-0B79-4C9C-A0F0-1283A63BD74F}.Release|Any CPU.Build.0 = Release|Any CPU
		{AF25AF18-1746-4DB0-8E01-404BAC2DF23E}.Debug|Any CPU.ActiveCfg = Debug|Any CPU
		{AF25AF18-1746-4DB0-8E01-404BAC2DF23E}.Debug|Any CPU.Build.0 = Debug|Any CPU
		{AF25AF18-1746-4DB0-8E01-404BAC2DF23E}.Release|Any CPU.ActiveCfg = Release|Any CPU
		{AF25AF18-1746-4DB0-8E01-404BAC2DF23E}.Release|Any CPU.Build.0 = Release|Any CPU
		{17506C46-31E2-4CD7-AC36-F227A0DCD9B3}.Debug|Any CPU.ActiveCfg = Debug|Any CPU
		{17506C46-31E2-4CD7-AC36-F227A0DCD9B3}.Debug|Any CPU.Build.0 = Debug|Any CPU
		{17506C46-31E2-4CD7-AC36-F227A0DCD9B3}.Release|Any CPU.ActiveCfg = Release|Any CPU
		{17506C46-31E2-4CD7-AC36-F227A0DCD9B3}.Release|Any CPU.Build.0 = Release|Any CPU
		{E74705AD-4160-43FF-8F55-725A646CC1FF}.Debug|Any CPU.ActiveCfg = Debug|Any CPU
		{E74705AD-4160-43FF-8F55-725A646CC1FF}.Debug|Any CPU.Build.0 = Debug|Any CPU
		{E74705AD-4160-43FF-8F55-725A646CC1FF}.Release|Any CPU.ActiveCfg = Release|Any CPU
		{E74705AD-4160-43FF-8F55-725A646CC1FF}.Release|Any CPU.Build.0 = Release|Any CPU
	EndGlobalSection
	GlobalSection(SolutionProperties) = preSolution
		HideSolutionNode = FALSE
	EndGlobalSection
	GlobalSection(ExtensibilityGlobals) = postSolution
		SolutionGuid = {0351DD05-1775-448F-9CD3-09553C6EC160}
	EndGlobalSection
EndGlobal
